# This file is autogenerated, do not edit; changes may be undone by the next 'dep ensure'.


[[projects]]
  branch = "master"
  digest = "1:5bf8745ada718e693fc52092d37c95cf9a10622f2ad9eba89a01791a25830d83"
  name = "github.com/bitrise-io/go-utils"
  packages = [
    "builtinutil",
    "colorstring",
    "command",
    "errorutil",
    "fileutil",
    "log",
    "pathutil",
    "testutil",
  ]
  pruneopts = "UT"
  revision = "5067a2a682f21030f379f88e853b9e0734a24516"

[[projects]]
  digest = "1:7cb4fdca4c251b3ef8027c90ea35f70c7b661a593b9eeae34753c65499098bb1"
  name = "github.com/cpuguy83/go-md2man"
  packages = ["md2man"]
  pruneopts = "UT"
  revision = "7762f7e404f8416dfa1d9bb6a8c192aa9acb4d19"
  version = "v1.0.10"

[[projects]]
  digest = "1:ffe9824d294da03b391f44e1ae8281281b4afc1bdaa9588c9097785e3af10cec"
  name = "github.com/davecgh/go-spew"
  packages = ["spew"]
  pruneopts = "UT"
  revision = "8991bc29aa16c548c550c7ff78260e27b9ab7c73"
  version = "v1.1.1"

[[projects]]
  digest = "1:0028cb19b2e4c3112225cd871870f2d9cf49b9b4276531f03438a88e94be86fe"
  name = "github.com/pmezard/go-difflib"
  packages = ["difflib"]
  pruneopts = "UT"
  revision = "792786c7400a136282c1664665ae0a8db921c6c2"
  version = "v1.0.0"

[[projects]]
  digest = "1:2ee0f15eb0fb04f918db7c2dcf39745f40d69f798ef171610a730e8a56aaa4fd"
  name = "github.com/russross/blackfriday"
  packages = ["."]
  pruneopts = "UT"
  revision = "d3b5b032dc8e8927d31a5071b56e14c89f045135"
  version = "v2.0.1"

[[projects]]
  digest = "1:9421f6e9e28ef86933e824b5caff441366f2b69bb281085b9dca40e1f27a1602"
  name = "github.com/shurcooL/sanitized_anchor_name"
  packages = ["."]
  pruneopts = "UT"
  revision = "7bfe4c7ecddb3666a94b053b422cdd8f5aaa3615"
  version = "v1.0.0"

[[projects]]
  digest = "1:99d32780e5238c2621fff621123997c3e3cca96db8be13179013aea77dfab551"
  name = "github.com/stretchr/testify"
  packages = [
    "assert",
    "require",
  ]
  pruneopts = "UT"
  revision = "221dbe5ed46703ee255b1da0dec05086f5035f62"
  version = "v1.4.0"

[[projects]]
  digest = "1:1d3ef3dd057d2eb1819e945f88cc83835296c9b7fb13ad3194c937c4e2891fee"
  name = "github.com/urfave/cli"
  packages = ["."]
  pruneopts = "UT"
  revision = "bfe2e925cfb6d44b40ad3a779165ea7e8aff9212"
  version = "v1.22.0"

[[projects]]
  digest = "1:f26a5d382387e03a40d1471dddfba85dfff9bf05352d7e42d37612677c4d3c5c"
  name = "gopkg.in/yaml.v2"
  packages = ["."]
  pruneopts = "UT"
  revision = "f90ceb4f409096b60e2e9076b38b304b8246e5fa"
  version = "v2.2.5"

[solve-meta]
  analyzer-name = "dep"
  analyzer-version = 1
  input-imports = [
    "github.com/bitrise-io/go-utils/command",
    "github.com/bitrise-io/go-utils/fileutil",
    "github.com/bitrise-io/go-utils/log",
    "github.com/bitrise-io/go-utils/pathutil",
    "github.com/bitrise-io/go-utils/testutil",
    "github.com/stretchr/testify/require",
    "github.com/urfave/cli",
    "gopkg.in/yaml.v2",
  ]
  solver-name = "gps-cdcl"
  solver-version = 1
